// !$*UTF8*$!
{
	archiveVersion = 1;
	classes = {
	};
	objectVersion = 56;
	objects = {

/* Begin PBXBuildFile section */
		1C9F6D4D2AA4631C004CE88C /* FuelEFXApp.swift in Sources */ = {isa = PBXBuildFile; fileRef = 1C9F6D4C2AA4631C004CE88C /* FuelEFXApp.swift */; };
		1C9F6D512AA4631D004CE88C /* Assets.xcassets in Resources */ = {isa = PBXBuildFile; fileRef = 1C9F6D502AA4631D004CE88C /* Assets.xcassets */; };
		1C9F6D542AA4631D004CE88C /* Preview Assets.xcassets in Resources */ = {isa = PBXBuildFile; fileRef = 1C9F6D532AA4631D004CE88C /* Preview Assets.xcassets */; };
		1C9F6D5F2AA46521004CE88C /* JsonBundle.swift in Sources */ = {isa = PBXBuildFile; fileRef = 1C9F6D5E2AA46521004CE88C /* JsonBundle.swift */; };
		1C9F6D612AA4655F004CE88C /* Fuel.swift in Sources */ = {isa = PBXBuildFile; fileRef = 1C9F6D602AA4655F004CE88C /* Fuel.swift */; };
		1C9F6D632AA46567004CE88C /* Trip.swift in Sources */ = {isa = PBXBuildFile; fileRef = 1C9F6D622AA46567004CE88C /* Trip.swift */; };
		1C9F6D652AA46576004CE88C /* FuelRecords.json in Resources */ = {isa = PBXBuildFile; fileRef = 1C9F6D642AA46576004CE88C /* FuelRecords.json */; };
		1C9F6D672AA4658A004CE88C /* TripRecords.json in Resources */ = {isa = PBXBuildFile; fileRef = 1C9F6D662AA4658A004CE88C /* TripRecords.json */; };
		1C9F6D692AA46706004CE88C /* Store.swift in Sources */ = {isa = PBXBuildFile; fileRef = 1C9F6D682AA46706004CE88C /* Store.swift */; };
		1C9F6D6B2AA4670E004CE88C /* FuelStore.swift in Sources */ = {isa = PBXBuildFile; fileRef = 1C9F6D6A2AA4670E004CE88C /* FuelStore.swift */; };
		1C9F6D6D2AA46718004CE88C /* TripStore.swift in Sources */ = {isa = PBXBuildFile; fileRef = 1C9F6D6C2AA46718004CE88C /* TripStore.swift */; };
		1C9F6D722AA468BC004CE88C /* FuelDetailView.swift in Sources */ = {isa = PBXBuildFile; fileRef = 1C9F6D712AA468BC004CE88C /* FuelDetailView.swift */; };
		1C9F6D742AA468D2004CE88C /* TripDetailView.swift in Sources */ = {isa = PBXBuildFile; fileRef = 1C9F6D732AA468D2004CE88C /* TripDetailView.swift */; };
		1C9F6D762AA46997004CE88C /* Home.swift in Sources */ = {isa = PBXBuildFile; fileRef = 1C9F6D752AA46997004CE88C /* Home.swift */; };
		1C9F6D782AA469AA004CE88C /* FuelList.swift in Sources */ = {isa = PBXBuildFile; fileRef = 1C9F6D772AA469AA004CE88C /* FuelList.swift */; };
		1C9F6D7D2AA469C6004CE88C /* TripRow.swift in Sources */ = {isa = PBXBuildFile; fileRef = 1C9F6D7C2AA469C6004CE88C /* TripRow.swift */; };
		1C9F6D7F2AA469CE004CE88C /* FuelRow.swift in Sources */ = {isa = PBXBuildFile; fileRef = 1C9F6D7E2AA469CE004CE88C /* FuelRow.swift */; };
		1C9F6D812AA469EE004CE88C /* TripForm.swift in Sources */ = {isa = PBXBuildFile; fileRef = 1C9F6D802AA469EE004CE88C /* TripForm.swift */; };
		1C9F6D832AA469F8004CE88C /* FuelForm.swift in Sources */ = {isa = PBXBuildFile; fileRef = 1C9F6D822AA469F8004CE88C /* FuelForm.swift */; };
		1C9F6D852AA46A7F004CE88C /* TripList.swift in Sources */ = {isa = PBXBuildFile; fileRef = 1C9F6D842AA46A7F004CE88C /* TripList.swift */; };
/* End PBXBuildFile section */

/* Begin PBXFileReference section */
		1C9F6D492AA4631C004CE88C /* FuelEFX.app */ = {isa = PBXFileReference; explicitFileType = wrapper.application; includeInIndex = 0; path = FuelEFX.app; sourceTree = BUILT_PRODUCTS_DIR; };
		1C9F6D4C2AA4631C004CE88C /* FuelEFXApp.swift */ = {isa = PBXFileReference; lastKnownFileType = sourcecode.swift; path = FuelEFXApp.swift; sourceTree = "<group>"; };
		1C9F6D502AA4631D004CE88C /* Assets.xcassets */ = {isa = PBXFileReference; lastKnownFileType = folder.assetcatalog; path = Assets.xcassets; sourceTree = "<group>"; };
		1C9F6D532AA4631D004CE88C /* Preview Assets.xcassets */ = {isa = PBXFileReference; lastKnownFileType = folder.assetcatalog; path = "Preview Assets.xcassets"; sourceTree = "<group>"; };
		1C9F6D5E2AA46521004CE88C /* JsonBundle.swift */ = {isa = PBXFileReference; lastKnownFileType = sourcecode.swift; path = JsonBundle.swift; sourceTree = "<group>"; };
		1C9F6D602AA4655F004CE88C /* Fuel.swift */ = {isa = PBXFileReference; lastKnownFileType = sourcecode.swift; path = Fuel.swift; sourceTree = "<group>"; };
		1C9F6D622AA46567004CE88C /* Trip.swift */ = {isa = PBXFileReference; lastKnownFileType = sourcecode.swift; path = Trip.swift; sourceTree = "<group>"; };
		1C9F6D642AA46576004CE88C /* FuelRecords.json */ = {isa = PBXFileReference; lastKnownFileType = text.json; path = FuelRecords.json; sourceTree = "<group>"; };
		1C9F6D662AA4658A004CE88C /* TripRecords.json */ = {isa = PBXFileReference; lastKnownFileType = text.json; path = TripRecords.json; sourceTree = "<group>"; };
		1C9F6D682AA46706004CE88C /* Store.swift */ = {isa = PBXFileReference; lastKnownFileType = sourcecode.swift; path = Store.swift; sourceTree = "<group>"; };
		1C9F6D6A2AA4670E004CE88C /* FuelStore.swift */ = {isa = PBXFileReference; lastKnownFileType = sourcecode.swift; path = FuelStore.swift; sourceTree = "<group>"; };
		1C9F6D6C2AA46718004CE88C /* TripStore.swift */ = {isa = PBXFileReference; lastKnownFileType = sourcecode.swift; path = TripStore.swift; sourceTree = "<group>"; };
		1C9F6D712AA468BC004CE88C /* FuelDetailView.swift */ = {isa = PBXFileReference; lastKnownFileType = sourcecode.swift; path = FuelDetailView.swift; sourceTree = "<group>"; };
		1C9F6D732AA468D2004CE88C /* TripDetailView.swift */ = {isa = PBXFileReference; lastKnownFileType = sourcecode.swift; path = TripDetailView.swift; sourceTree = "<group>"; };
		1C9F6D752AA46997004CE88C /* Home.swift */ = {isa = PBXFileReference; lastKnownFileType = sourcecode.swift; path = Home.swift; sourceTree = "<group>"; };
		1C9F6D772AA469AA004CE88C /* FuelList.swift */ = {isa = PBXFileReference; lastKnownFileType = sourcecode.swift; path = FuelList.swift; sourceTree = "<group>"; };
		1C9F6D7C2AA469C6004CE88C /* TripRow.swift */ = {isa = PBXFileReference; lastKnownFileType = sourcecode.swift; path = TripRow.swift; sourceTree = "<group>"; };
		1C9F6D7E2AA469CE004CE88C /* FuelRow.swift */ = {isa = PBXFileReference; lastKnownFileType = sourcecode.swift; path = FuelRow.swift; sourceTree = "<group>"; };
		1C9F6D802AA469EE004CE88C /* TripForm.swift */ = {isa = PBXFileReference; lastKnownFileType = sourcecode.swift; path = TripForm.swift; sourceTree = "<group>"; };
		1C9F6D822AA469F8004CE88C /* FuelForm.swift */ = {isa = PBXFileReference; lastKnownFileType = sourcecode.swift; path = FuelForm.swift; sourceTree = "<group>"; };
		1C9F6D842AA46A7F004CE88C /* TripList.swift */ = {isa = PBXFileReference; lastKnownFileType = sourcecode.swift; path = TripList.swift; sourceTree = "<group>"; };
/* End PBXFileReference section */

/* Begin PBXFrameworksBuildPhase section */
		1C9F6D462AA4631C004CE88C /* Frameworks */ = {
			isa = PBXFrameworksBuildPhase;
			buildActionMask = 2147483647;
			files = (
			);
			runOnlyForDeploymentPostprocessing = 0;
		};
/* End PBXFrameworksBuildPhase section */

/* Begin PBXGroup section */
		1C9F6D402AA4631C004CE88C = {
			isa = PBXGroup;
			children = (
				1C9F6D4B2AA4631C004CE88C /* FuelEFX */,
				1C9F6D4A2AA4631C004CE88C /* Products */,
			);
			sourceTree = "<group>";
		};
		1C9F6D4A2AA4631C004CE88C /* Products */ = {
			isa = PBXGroup;
			children = (
				1C9F6D492AA4631C004CE88C /* FuelEFX.app */,
			);
			name = Products;
			sourceTree = "<group>";
		};
		1C9F6D4B2AA4631C004CE88C /* FuelEFX */ = {
			isa = PBXGroup;
			children = (
				1C9F6D5D2AA464F6004CE88C /* Extension */,
				1C9F6D5C2AA464EF004CE88C /* ViewModel */,
				1C9F6D5B2AA464E7004CE88C /* View */,
				1C9F6D5A2AA464DC004CE88C /* Model */,
				1C9F6D4C2AA4631C004CE88C /* FuelEFXApp.swift */,
				1C9F6D502AA4631D004CE88C /* Assets.xcassets */,
				1C9F6D522AA4631D004CE88C /* Preview Content */,
			);
			path = FuelEFX;
			sourceTree = "<group>";
		};
		1C9F6D522AA4631D004CE88C /* Preview Content */ = {
			isa = PBXGroup;
			children = (
				1C9F6D532AA4631D004CE88C /* Preview Assets.xcassets */,
			);
			path = "Preview Content";
			sourceTree = "<group>";
		};
		1C9F6D5A2AA464DC004CE88C /* Model */ = {
			isa = PBXGroup;
			children = (
				1C9F6D602AA4655F004CE88C /* Fuel.swift */,
				1C9F6D622AA46567004CE88C /* Trip.swift */,
				1C9F6D642AA46576004CE88C /* FuelRecords.json */,
				1C9F6D662AA4658A004CE88C /* TripRecords.json */,
			);
			path = Model;
			sourceTree = "<group>";
		};
		1C9F6D5B2AA464E7004CE88C /* View */ = {
			isa = PBXGroup;
			children = (
				1C9F6D7B2AA469B9004CE88C /* Rows */,
				1C9F6D702AA4688E004CE88C /* DetailView */,
				1C9F6D6F2AA46885004CE88C /* Forms */,
				1C9F6D6E2AA4687E004CE88C /* List */,
				1C9F6D752AA46997004CE88C /* Home.swift */,
			);
			path = View;
			sourceTree = "<group>";
		};
		1C9F6D5C2AA464EF004CE88C /* ViewModel */ = {
			isa = PBXGroup;
			children = (
				1C9F6D682AA46706004CE88C /* Store.swift */,
				1C9F6D6A2AA4670E004CE88C /* FuelStore.swift */,
				1C9F6D6C2AA46718004CE88C /* TripStore.swift */,
			);
			path = ViewModel;
			sourceTree = "<group>";
		};
		1C9F6D5D2AA464F6004CE88C /* Extension */ = {
			isa = PBXGroup;
			children = (
				1C9F6D5E2AA46521004CE88C /* JsonBundle.swift */,
			);
			path = Extension;
			sourceTree = "<group>";
		};
		1C9F6D6E2AA4687E004CE88C /* List */ = {
			isa = PBXGroup;
			children = (
				1C9F6D772AA469AA004CE88C /* FuelList.swift */,
				1C9F6D842AA46A7F004CE88C /* TripList.swift */,
			);
			path = List;
			sourceTree = "<group>";
		};
		1C9F6D6F2AA46885004CE88C /* Forms */ = {
			isa = PBXGroup;
			children = (
				1C9F6D802AA469EE004CE88C /* TripForm.swift */,
				1C9F6D822AA469F8004CE88C /* FuelForm.swift */,
			);
			path = Forms;
			sourceTree = "<group>";
		};
		1C9F6D702AA4688E004CE88C /* DetailView */ = {
			isa = PBXGroup;
			children = (
				1C9F6D712AA468BC004CE88C /* FuelDetailView.swift */,
				1C9F6D732AA468D2004CE88C /* TripDetailView.swift */,
			);
			path = DetailView;
			sourceTree = "<group>";
		};
		1C9F6D7B2AA469B9004CE88C /* Rows */ = {
			isa = PBXGroup;
			children = (
				1C9F6D7C2AA469C6004CE88C /* TripRow.swift */,
				1C9F6D7E2AA469CE004CE88C /* FuelRow.swift */,
			);
			path = Rows;
			sourceTree = "<group>";
		};
/* End PBXGroup section */

/* Begin PBXNativeTarget section */
		1C9F6D482AA4631C004CE88C /* FuelEFX */ = {
			isa = PBXNativeTarget;
			buildConfigurationList = 1C9F6D572AA4631D004CE88C /* Build configuration list for PBXNativeTarget "FuelEFX" */;
			buildPhases = (
				1C9F6D452AA4631C004CE88C /* Sources */,
				1C9F6D462AA4631C004CE88C /* Frameworks */,
				1C9F6D472AA4631C004CE88C /* Resources */,
			);
			buildRules = (
			);
			dependencies = (
			);
			name = FuelEFX;
			productName = FuelEFX;
			productReference = 1C9F6D492AA4631C004CE88C /* FuelEFX.app */;
			productType = "com.apple.product-type.application";
		};
/* End PBXNativeTarget section */

/* Begin PBXProject section */
		1C9F6D412AA4631C004CE88C /* Project object */ = {
			isa = PBXProject;
			attributes = {
				BuildIndependentTargetsInParallel = 1;
				LastSwiftUpdateCheck = 1430;
				LastUpgradeCheck = 1430;
				TargetAttributes = {
					1C9F6D482AA4631C004CE88C = {
						CreatedOnToolsVersion = 14.3.1;
					};
				};
			};
			buildConfigurationList = 1C9F6D442AA4631C004CE88C /* Build configuration list for PBXProject "FuelEFX" */;
			compatibilityVersion = "Xcode 14.0";
			developmentRegion = en;
			hasScannedForEncodings = 0;
			knownRegions = (
				en,
				Base,
			);
			mainGroup = 1C9F6D402AA4631C004CE88C;
			productRefGroup = 1C9F6D4A2AA4631C004CE88C /* Products */;
			projectDirPath = "";
			projectRoot = "";
			targets = (
				1C9F6D482AA4631C004CE88C /* FuelEFX */,
			);
		};
/* End PBXProject section */

/* Begin PBXResourcesBuildPhase section */
		1C9F6D472AA4631C004CE88C /* Resources */ = {
			isa = PBXResourcesBuildPhase;
			buildActionMask = 2147483647;
			files = (
				1C9F6D542AA4631D004CE88C /* Preview Assets.xcassets in Resources */,
				1C9F6D672AA4658A004CE88C /* TripRecords.json in Resources */,
				1C9F6D512AA4631D004CE88C /* Assets.xcassets in Resources */,
				1C9F6D652AA46576004CE88C /* FuelRecords.json in Resources */,
			);
			runOnlyForDeploymentPostprocessing = 0;
		};
/* End PBXResourcesBuildPhase section */

/* Begin PBXSourcesBuildPhase section */
		1C9F6D452AA4631C004CE88C /* Sources */ = {
			isa = PBXSourcesBuildPhase;
			buildActionMask = 2147483647;
			files = (
				1C9F6D692AA46706004CE88C /* Store.swift in Sources */,
				1C9F6D782AA469AA004CE88C /* FuelList.swift in Sources */,
				1C9F6D722AA468BC004CE88C /* FuelDetailView.swift in Sources */,
				1C9F6D7F2AA469CE004CE88C /* FuelRow.swift in Sources */,
				1C9F6D852AA46A7F004CE88C /* TripList.swift in Sources */,
				1C9F6D762AA46997004CE88C /* Home.swift in Sources */,
				1C9F6D742AA468D2004CE88C /* TripDetailView.swift in Sources */,
				1C9F6D632AA46567004CE88C /* Trip.swift in Sources */,
				1C9F6D5F2AA46521004CE88C /* JsonBundle.swift in Sources */,
				1C9F6D832AA469F8004CE88C /* FuelForm.swift in Sources */,
				1C9F6D7D2AA469C6004CE88C /* TripRow.swift in Sources */,
				1C9F6D6D2AA46718004CE88C /* TripStore.swift in Sources */,
				1C9F6D612AA4655F004CE88C /* Fuel.swift in Sources */,
				1C9F6D4D2AA4631C004CE88C /* FuelEFXApp.swift in Sources */,
				1C9F6D6B2AA4670E004CE88C /* FuelStore.swift in Sources */,
				1C9F6D812AA469EE004CE88C /* TripForm.swift in Sources */,
			);
			runOnlyForDeploymentPostprocessing = 0;
		};
/* End PBXSourcesBuildPhase section */

/* Begin XCBuildConfiguration section */
		1C9F6D552AA4631D004CE88C /* Debug */ = {
			isa = XCBuildConfiguration;
			buildSettings = {
				ALWAYS_SEARCH_USER_PATHS = NO;
				CLANG_ANALYZER_NONNULL = YES;
				CLANG_ANALYZER_NUMBER_OBJECT_CONVERSION = YES_AGGRESSIVE;
				CLANG_CXX_LANGUAGE_STANDARD = "gnu++20";
				CLANG_ENABLE_MODULES = YES;
				CLANG_ENABLE_OBJC_ARC = YES;
				CLANG_ENABLE_OBJC_WEAK = YES;
				CLANG_WARN_BLOCK_CAPTURE_AUTORELEASING = YES;
				CLANG_WARN_BOOL_CONVERSION = YES;
				CLANG_WARN_COMMA = YES;
				CLANG_WARN_CONSTANT_CONVERSION = YES;
				CLANG_WARN_DEPRECATED_OBJC_IMPLEMENTATIONS = YES;
				CLANG_WARN_DIRECT_OBJC_ISA_USAGE = YES_ERROR;
				CLANG_WARN_DOCUMENTATION_COMMENTS = YES;
				CLANG_WARN_EMPTY_BODY = YES;
				CLANG_WARN_ENUM_CONVERSION = YES;
				CLANG_WARN_INFINITE_RECURSION = YES;
				CLANG_WARN_INT_CONVERSION = YES;
				CLANG_WARN_NON_LITERAL_NULL_CONVERSION = YES;
				CLANG_WARN_OBJC_IMPLICIT_RETAIN_SELF = YES;
				CLANG_WARN_OBJC_LITERAL_CONVERSION = YES;
				CLANG_WARN_OBJC_ROOT_CLASS = YES_ERROR;
				CLANG_WARN_QUOTED_INCLUDE_IN_FRAMEWORK_HEADER = YES;
				CLANG_WARN_RANGE_LOOP_ANALYSIS = YES;
				CLANG_WARN_STRICT_PROTOTYPES = YES;
				CLANG_WARN_SUSPICIOUS_MOVE = YES;
				CLANG_WARN_UNGUARDED_AVAILABILITY = YES_AGGRESSIVE;
				CLANG_WARN_UNREACHABLE_CODE = YES;
				CLANG_WARN__DUPLICATE_METHOD_MATCH = YES;
				COPY_PHASE_STRIP = NO;
				DEBUG_INFORMATION_FORMAT = dwarf;
				ENABLE_STRICT_OBJC_MSGSEND = YES;
				ENABLE_TESTABILITY = YES;
				GCC_C_LANGUAGE_STANDARD = gnu11;
				GCC_DYNAMIC_NO_PIC = NO;
				GCC_NO_COMMON_BLOCKS = YES;
				GCC_OPTIMIZATION_LEVEL = 0;
				GCC_PREPROCESSOR_DEFINITIONS = (
					"DEBUG=1",
					"$(inherited)",
				);
				GCC_WARN_64_TO_32_BIT_CONVERSION = YES;
				GCC_WARN_ABOUT_RETURN_TYPE = YES_ERROR;
				GCC_WARN_UNDECLARED_SELECTOR = YES;
				GCC_WARN_UNINITIALIZED_AUTOS = YES_AGGRESSIVE;
				GCC_WARN_UNUSED_FUNCTION = YES;
				GCC_WARN_UNUSED_VARIABLE = YES;
				IPHONEOS_DEPLOYMENT_TARGET = 16.4;
				MTL_ENABLE_DEBUG_INFO = INCLUDE_SOURCE;
				MTL_FAST_MATH = YES;
				ONLY_ACTIVE_ARCH = YES;
				SDKROOT = iphoneos;
				SWIFT_ACTIVE_COMPILATION_CONDITIONS = DEBUG;
				SWIFT_OPTIMIZATION_LEVEL = "-Onone";
			};
			name = Debug;
		};
		1C9F6D562AA4631D004CE88C /* Release */ = {
			isa = XCBuildConfiguration;
			buildSettings = {
				ALWAYS_SEARCH_USER_PATHS = NO;
				CLANG_ANALYZER_NONNULL = YES;
				CLANG_ANALYZER_NUMBER_OBJECT_CONVERSION = YES_AGGRESSIVE;
				CLANG_CXX_LANGUAGE_STANDARD = "gnu++20";
				CLANG_ENABLE_MODULES = YES;
				CLANG_ENABLE_OBJC_ARC = YES;
				CLANG_ENABLE_OBJC_WEAK = YES;
				CLANG_WARN_BLOCK_CAPTURE_AUTORELEASING = YES;
				CLANG_WARN_BOOL_CONVERSION = YES;
				CLANG_WARN_COMMA = YES;
				CLANG_WARN_CONSTANT_CONVERSION = YES;
				CLANG_WARN_DEPRECATED_OBJC_IMPLEMENTATIONS = YES;
				CLANG_WARN_DIRECT_OBJC_ISA_USAGE = YES_ERROR;
				CLANG_WARN_DOCUMENTATION_COMMENTS = YES;
				CLANG_WARN_EMPTY_BODY = YES;
				CLANG_WARN_ENUM_CONVERSION = YES;
				CLANG_WARN_INFINITE_RECURSION = YES;
				CLANG_WARN_INT_CONVERSION = YES;
				CLANG_WARN_NON_LITERAL_NULL_CONVERSION = YES;
				CLANG_WARN_OBJC_IMPLICIT_RETAIN_SELF = YES;
				CLANG_WARN_OBJC_LITERAL_CONVERSION = YES;
				CLANG_WARN_OBJC_ROOT_CLASS = YES_ERROR;
				CLANG_WARN_QUOTED_INCLUDE_IN_FRAMEWORK_HEADER = YES;
				CLANG_WARN_RANGE_LOOP_ANALYSIS = YES;
				CLANG_WARN_STRICT_PROTOTYPES = YES;
				CLANG_WARN_SUSPICIOUS_MOVE = YES;
				CLANG_WARN_UNGUARDED_AVAILABILITY = YES_AGGRESSIVE;
				CLANG_WARN_UNREACHABLE_CODE = YES;
				CLANG_WARN__DUPLICATE_METHOD_MATCH = YES;
				COPY_PHASE_STRIP = NO;
				DEBUG_INFORMATION_FORMAT = "dwarf-with-dsym";
				ENABLE_NS_ASSERTIONS = NO;
				ENABLE_STRICT_OBJC_MSGSEND = YES;
				GCC_C_LANGUAGE_STANDARD = gnu11;
				GCC_NO_COMMON_BLOCKS = YES;
				GCC_WARN_64_TO_32_BIT_CONVERSION = YES;
				GCC_WARN_ABOUT_RETURN_TYPE = YES_ERROR;
				GCC_WARN_UNDECLARED_SELECTOR = YES;
				GCC_WARN_UNINITIALIZED_AUTOS = YES_AGGRESSIVE;
				GCC_WARN_UNUSED_FUNCTION = YES;
				GCC_WARN_UNUSED_VARIABLE = YES;
				IPHONEOS_DEPLOYMENT_TARGET = 16.4;
				MTL_ENABLE_DEBUG_INFO = NO;
				MTL_FAST_MATH = YES;
				SDKROOT = iphoneos;
				SWIFT_COMPILATION_MODE = wholemodule;
				SWIFT_OPTIMIZATION_LEVEL = "-O";
				VALIDATE_PRODUCT = YES;
			};
			name = Release;
		};
		1C9F6D582AA4631D004CE88C /* Debug */ = {
			isa = XCBuildConfiguration;
			buildSettings = {
				ASSETCATALOG_COMPILER_APPICON_NAME = AppIcon;
				ASSETCATALOG_COMPILER_GLOBAL_ACCENT_COLOR_NAME = AccentColor;
				CODE_SIGN_STYLE = Automatic;
				CURRENT_PROJECT_VERSION = 1;
				DEVELOPMENT_ASSET_PATHS = "\"FuelEFX/Preview Content\"";
				DEVELOPMENT_TEAM = 5GZC5WLRP3;
				ENABLE_PREVIEWS = YES;
				GENERATE_INFOPLIST_FILE = YES;
				INFOPLIST_KEY_UIApplicationSceneManifest_Generation = YES;
				INFOPLIST_KEY_UIApplicationSupportsIndirectInputEvents = YES;
				INFOPLIST_KEY_UILaunchScreen_Generation = YES;
				INFOPLIST_KEY_UISupportedInterfaceOrientations_iPad = "UIInterfaceOrientationPortrait UIInterfaceOrientationPortraitUpsideDown UIInterfaceOrientationLandscapeLeft UIInterfaceOrientationLandscapeRight";
				INFOPLIST_KEY_UISupportedInterfaceOrientations_iPhone = "UIInterfaceOrientationPortrait UIInterfaceOrientationLandscapeLeft UIInterfaceOrientationLandscapeRight";
				LD_RUNPATH_SEARCH_PATHS = (
					"$(inherited)",
					"@executable_path/Frameworks",
				);
				MARKETING_VERSION = 1.0;
				PRODUCT_BUNDLE_IDENTIFIER = com.14358081.FuelEFX;
				PRODUCT_NAME = "$(TARGET_NAME)";
				SWIFT_EMIT_LOC_STRINGS = YES;
				SWIFT_VERSION = 5.0;
				TARGETED_DEVICE_FAMILY = "1,2";
			};
			name = Debug;
		};
		1C9F6D592AA4631D004CE88C /* Release */ = {
			isa = XCBuildConfiguration;
			buildSettings = {
				ASSETCATALOG_COMPILER_APPICON_NAME = AppIcon;
				ASSETCATALOG_COMPILER_GLOBAL_ACCENT_COLOR_NAME = AccentColor;
				CODE_SIGN_STYLE = Automatic;
				CURRENT_PROJECT_VERSION = 1;
				DEVELOPMENT_ASSET_PATHS = "\"FuelEFX/Preview Content\"";
				DEVELOPMENT_TEAM = 5GZC5WLRP3;
				ENABLE_PREVIEWS = YES;
				GENERATE_INFOPLIST_FILE = YES;
				INFOPLIST_KEY_UIApplicationSceneManifest_Generation = YES;
				INFOPLIST_KEY_UIApplicationSupportsIndirectInputEvents = YES;
				INFOPLIST_KEY_UILaunchScreen_Generation = YES;
				INFOPLIST_KEY_UISupportedInterfaceOrientations_iPad = "UIInterfaceOrientationPortrait UIInterfaceOrientationPortraitUpsideDown UIInterfaceOrientationLandscapeLeft UIInterfaceOrientationLandscapeRight";
				INFOPLIST_KEY_UISupportedInterfaceOrientations_iPhone = "UIInterfaceOrientationPortrait UIInterfaceOrientationLandscapeLeft UIInterfaceOrientationLandscapeRight";
				LD_RUNPATH_SEARCH_PATHS = (
					"$(inherited)",
					"@executable_path/Frameworks",
				);
				MARKETING_VERSION = 1.0;
				PRODUCT_BUNDLE_IDENTIFIER = com.14358081.FuelEFX;
				PRODUCT_NAME = "$(TARGET_NAME)";
				SWIFT_EMIT_LOC_STRINGS = YES;
				SWIFT_VERSION = 5.0;
				TARGETED_DEVICE_FAMILY = "1,2";
			};
			name = Release;
		};
/* End XCBuildConfiguration section */

/* Begin XCConfigurationList section */
		1C9F6D442AA4631C004CE88C /* Build configuration list for PBXProject "FuelEFX" */ = {
			isa = XCConfigurationList;
			buildConfigurations = (
				1C9F6D552AA4631D004CE88C /* Debug */,
				1C9F6D562AA4631D004CE88C /* Release */,
			);
			defaultConfigurationIsVisible = 0;
			defaultConfigurationName = Release;
		};
		1C9F6D572AA4631D004CE88C /* Build configuration list for PBXNativeTarget "FuelEFX" */ = {
			isa = XCConfigurationList;
			buildConfigurations = (
				1C9F6D582AA4631D004CE88C /* Debug */,
				1C9F6D592AA4631D004CE88C /* Release */,
			);
			defaultConfigurationIsVisible = 0;
			defaultConfigurationName = Release;
		};
/* End XCConfigurationList section */
	};
	rootObject = 1C9F6D412AA4631C004CE88C /* Project object */;
}
